
Microsoft Visual Studio Solution File, Format Version 12.00
# Visual Studio Version 17
VisualStudioVersion = 17.9.34728.123
MinimumVisualStudioVersion = 10.0.40219.1
Project("{FAE04EC0-301F-11D3-BF4B-00C04F79EFBC}") = "HttpSpeedTestApp", "HttpSpeedTestApp\HttpSpeedTestApp.csproj", "{722765E2-E20F-4377-915A-807B5E967631}"
EndProject
Global
	GlobalSection(SolutionConfigurationPlatforms) = preSolution
		Debug|Any CPU = Debug|Any CPU
		Release|Any CPU = Release|Any CPU
	EndGlobalSection
	GlobalSection(ProjectConfigurationPlatforms) = postSolution
		{722765E2-E20F-4377-915A-807B5E967631}.Debug|Any CPU.ActiveCfg = Debug|Any CPU
		{722765E2-E20F-4377-915A-807B5E967631}.Debug|Any CPU.Build.0 = Debug|Any CPU
		{722765E2-E20F-4377-915A-807B5E967631}.Release|Any CPU.ActiveCfg = Release|Any CPU
		{722765E2-E20F-4377-915A-807B5E967631}.Release|Any CPU.Build.0 = Release|Any CPU
	EndGlobalSection
	GlobalSection(SolutionProperties) = preSolution
		HideSolutionNode = FALSE
	EndGlobalSection
	GlobalSection(ExtensibilityGlobals) = postSolution
		SolutionGuid = {530B2C24-3CD3-481D-8360-E80B9F82815C}
	EndGlobalSection
EndGlobal
